
Microsoft Visual Studio Solution File, Format Version 12.00
# Visual Studio Version 17
VisualStudioVersion = 17.0.31903.59
MinimumVisualStudioVersion = 10.0.40219.1
Project("{FAE04EC0-301F-11D3-BF4B-00C04F79EFBC}") = "Morituri.Sim", "Morituri.Sim\Morituri.Sim.csproj", "{3BE083D9-8F96-4336-9AC6-715A18274263}"
EndProject
Project("{FAE04EC0-301F-11D3-BF4B-00C04F79EFBC}") = "Morituri.Sim.Tests", "Morituri.Sim.Tests\Morituri.Sim.Tests.csproj", "{6B07D81B-1DD2-4827-9C0A-C673D3B76C32}"
EndProject
Project("{FAE04EC0-301F-11D3-BF4B-00C04F79EFBC}") = "Morituri.Headless", "Morituri.Headless\Morituri.Headless.csproj", "{04FBED93-BB1D-4C44-ACEF-D14917EA5530}"
EndProject
Project("{FAE04EC0-301F-11D3-BF4B-00C04F79EFBC}") = "Morituri.Client", "Morituri.Client\Morituri.Client.csproj", "{B08AD52D-7497-4C48-8207-CD0471FEEE40}"
EndProject
Global
	GlobalSection(SolutionConfigurationPlatforms) = preSolution
		Debug|Any CPU = Debug|Any CPU
		Release|Any CPU = Release|Any CPU
	EndGlobalSection
	GlobalSection(SolutionProperties) = preSolution
		HideSolutionNode = FALSE
	EndGlobalSection
	GlobalSection(ProjectConfigurationPlatforms) = postSolution
		{3BE083D9-8F96-4336-9AC6-715A18274263}.Debug|Any CPU.ActiveCfg = Debug|Any CPU
		{3BE083D9-8F96-4336-9AC6-715A18274263}.Debug|Any CPU.Build.0 = Debug|Any CPU
		{3BE083D9-8F96-4336-9AC6-715A18274263}.Release|Any CPU.ActiveCfg = Release|Any CPU
		{3BE083D9-8F96-4336-9AC6-715A18274263}.Release|Any CPU.Build.0 = Release|Any CPU
		{6B07D81B-1DD2-4827-9C0A-C673D3B76C32}.Debug|Any CPU.ActiveCfg = Debug|Any CPU
		{6B07D81B-1DD2-4827-9C0A-C673D3B76C32}.Debug|Any CPU.Build.0 = Debug|Any CPU
		{6B07D81B-1DD2-4827-9C0A-C673D3B76C32}.Release|Any CPU.ActiveCfg = Release|Any CPU
		{6B07D81B-1DD2-4827-9C0A-C673D3B76C32}.Release|Any CPU.Build.0 = Release|Any CPU
		{04FBED93-BB1D-4C44-ACEF-D14917EA5530}.Debug|Any CPU.ActiveCfg = Debug|Any CPU
		{04FBED93-BB1D-4C44-ACEF-D14917EA5530}.Debug|Any CPU.Build.0 = Debug|Any CPU
		{04FBED93-BB1D-4C44-ACEF-D14917EA5530}.Release|Any CPU.ActiveCfg = Release|Any CPU
		{04FBED93-BB1D-4C44-ACEF-D14917EA5530}.Release|Any CPU.Build.0 = Release|Any CPU
		{B08AD52D-7497-4C48-8207-CD0471FEEE40}.Debug|Any CPU.ActiveCfg = Debug|Any CPU
		{B08AD52D-7497-4C48-8207-CD0471FEEE40}.Debug|Any CPU.Build.0 = Debug|Any CPU
		{B08AD52D-7497-4C48-8207-CD0471FEEE40}.Release|Any CPU.ActiveCfg = Release|Any CPU
		{B08AD52D-7497-4C48-8207-CD0471FEEE40}.Release|Any CPU.Build.0 = Release|Any CPU
	EndGlobalSection
EndGlobal
